
Microsoft Visual Studio Solution File, Format Version 12.00
# Visual Studio 15
VisualStudioVersion = 15.0.28307.572
MinimumVisualStudioVersion = 10.0.40219.1
Project("{FAE04EC0-301F-11D3-BF4B-00C04F79EFBC}") = "iRobotCreateService", "iRobotCreateService\iRobotCreateService.csproj", "{01981DFA-3BAA-464F-A0E6-AD19A69851BD}"
EndProject
Global
	GlobalSection(SolutionConfigurationPlatforms) = preSolution
		Debug|Any CPU = Debug|Any CPU
		Release|Any CPU = Release|Any CPU
	EndGlobalSection
	GlobalSection(ProjectConfigurationPlatforms) = postSolution
		{01981DFA-3BAA-464F-A0E6-AD19A69851BD}.Debug|Any CPU.ActiveCfg = Debug|x86
		{01981DFA-3BAA-464F-A0E6-AD19A69851BD}.Debug|Any CPU.Build.0 = Debug|x86
		{01981DFA-3BAA-464F-A0E6-AD19A69851BD}.Release|Any CPU.ActiveCfg = Release|x86
	EndGlobalSection
	GlobalSection(SolutionProperties) = preSolution
		HideSolutionNode = FALSE
	EndGlobalSection
	GlobalSection(ExtensibilityGlobals) = postSolution
		SolutionGuid = {CEC45EE3-F446-46DA-B7C7-C94CC949D94B}
	EndGlobalSection
EndGlobal
